{
    "requires": true,
    "lockfileVersion": 1,
    "dependencies": {
        "downloadjs": {
            "version": "1.4.7",
            "resolved": "https://registry.npmjs.org/downloadjs/-/downloadjs-1.4.7.tgz",
            "integrity": "sha1-9p+W+UDg0FU9rCkROYZaPNAQHjw="
        },
        "vue-json-excel": {
            "version": "0.2.98",
            "resolved": "https://registry.npmjs.org/vue-json-excel/-/vue-json-excel-0.2.98.tgz",
            "integrity": "sha512-hPA3/cOe5nGbEZiJyfpdBIdqBExxF6EhMhpX6vC654PYbTVzdzp7O9ZsC1AgqbgRDR8VjzAaPaEeHg2vGS88FQ==",
            "requires": {
                "downloadjs": "^1.4.7"
            }
        }
    }
}
